
Microsoft Visual Studio Solution File, Format Version 12.00
# Visual Studio 15
VisualStudioVersion = 15.0.28307.1062
MinimumVisualStudioVersion = 10.0.40219.1
Project("{9A19103F-16F7-4668-BE54-9A1E7A4F7556}") = "RestuarantSearchApi", "OrderMyFoodApp\RestuarantSearchApi.csproj", "{F2E0B103-3BC4-4BDC-83F2-3F40392BF7DD}"
EndProject
Project("{2150E333-8FDC-42A3-9474-1A3956D46DE8}") = "src", "src", "{A9137F21-1E37-4C22-B43B-AADA37C4BBBC}"
EndProject
Project("{2150E333-8FDC-42A3-9474-1A3956D46DE8}") = "Services", "Services", "{9A8DE924-CD09-475F-A472-92416BABFAFC}"
EndProject
Project("{2150E333-8FDC-42A3-9474-1A3956D46DE8}") = "Web", "Web", "{FB4BFD26-86C8-42C8-B105-F043EE54CC4B}"
EndProject
Project("{9A19103F-16F7-4668-BE54-9A1E7A4F7556}") = "WebMvc", "src\Web\WebMvc\WebMvc.csproj", "{25A8B4D5-6BA5-4C1B-A70C-0968F23A0868}"
EndProject
Project("{9A19103F-16F7-4668-BE54-9A1E7A4F7556}") = "TokenServiceApi", "src\Services\TokenServiceApi\TokenServiceApi.csproj", "{48293130-8E20-4855-9854-8DB6C57F6002}"
EndProject
Project("{9A19103F-16F7-4668-BE54-9A1E7A4F7556}") = "CartApi", "src\Services\CartApi\CartApi.csproj", "{F304F326-0F5E-48E5-9B33-8DE7DAEA9C66}"
EndProject
Project("{9A19103F-16F7-4668-BE54-9A1E7A4F7556}") = "OrderApi", "src\Services\OrderApi\OrderApi.csproj", "{7870A1A0-F370-4C4E-9061-574EF774A376}"
EndProject
Project("{FAE04EC0-301F-11D3-BF4B-00C04F79EFBC}") = "ReviewApi", "src\Services\ReviewApi\ReviewApi.csproj", "{C2428C8E-D0D4-4160-BDD4-2A934A5E2714}"
EndProject
Global
	GlobalSection(SolutionConfigurationPlatforms) = preSolution
		Debug|Any CPU = Debug|Any CPU
		Release|Any CPU = Release|Any CPU
	EndGlobalSection
	GlobalSection(ProjectConfigurationPlatforms) = postSolution
		{F2E0B103-3BC4-4BDC-83F2-3F40392BF7DD}.Debug|Any CPU.ActiveCfg = Debug|Any CPU
		{F2E0B103-3BC4-4BDC-83F2-3F40392BF7DD}.Debug|Any CPU.Build.0 = Debug|Any CPU
		{F2E0B103-3BC4-4BDC-83F2-3F40392BF7DD}.Release|Any CPU.ActiveCfg = Release|Any CPU
		{F2E0B103-3BC4-4BDC-83F2-3F40392BF7DD}.Release|Any CPU.Build.0 = Release|Any CPU
		{25A8B4D5-6BA5-4C1B-A70C-0968F23A0868}.Debug|Any CPU.ActiveCfg = Debug|Any CPU
		{25A8B4D5-6BA5-4C1B-A70C-0968F23A0868}.Debug|Any CPU.Build.0 = Debug|Any CPU
		{25A8B4D5-6BA5-4C1B-A70C-0968F23A0868}.Release|Any CPU.ActiveCfg = Release|Any CPU
		{25A8B4D5-6BA5-4C1B-A70C-0968F23A0868}.Release|Any CPU.Build.0 = Release|Any CPU
		{48293130-8E20-4855-9854-8DB6C57F6002}.Debug|Any CPU.ActiveCfg = Debug|Any CPU
		{48293130-8E20-4855-9854-8DB6C57F6002}.Debug|Any CPU.Build.0 = Debug|Any CPU
		{48293130-8E20-4855-9854-8DB6C57F6002}.Release|Any CPU.ActiveCfg = Release|Any CPU
		{48293130-8E20-4855-9854-8DB6C57F6002}.Release|Any CPU.Build.0 = Release|Any CPU
		{F304F326-0F5E-48E5-9B33-8DE7DAEA9C66}.Debug|Any CPU.ActiveCfg = Debug|Any CPU
		{F304F326-0F5E-48E5-9B33-8DE7DAEA9C66}.Debug|Any CPU.Build.0 = Debug|Any CPU
		{F304F326-0F5E-48E5-9B33-8DE7DAEA9C66}.Release|Any CPU.ActiveCfg = Release|Any CPU
		{F304F326-0F5E-48E5-9B33-8DE7DAEA9C66}.Release|Any CPU.Build.0 = Release|Any CPU
		{7870A1A0-F370-4C4E-9061-574EF774A376}.Debug|Any CPU.ActiveCfg = Debug|Any CPU
		{7870A1A0-F370-4C4E-9061-574EF774A376}.Debug|Any CPU.Build.0 = Debug|Any CPU
		{7870A1A0-F370-4C4E-9061-574EF774A376}.Release|Any CPU.ActiveCfg = Release|Any CPU
		{7870A1A0-F370-4C4E-9061-574EF774A376}.Release|Any CPU.Build.0 = Release|Any CPU
		{C2428C8E-D0D4-4160-BDD4-2A934A5E2714}.Debug|Any CPU.ActiveCfg = Debug|Any CPU
		{C2428C8E-D0D4-4160-BDD4-2A934A5E2714}.Debug|Any CPU.Build.0 = Debug|Any CPU
		{C2428C8E-D0D4-4160-BDD4-2A934A5E2714}.Release|Any CPU.ActiveCfg = Release|Any CPU
		{C2428C8E-D0D4-4160-BDD4-2A934A5E2714}.Release|Any CPU.Build.0 = Release|Any CPU
	EndGlobalSection
	GlobalSection(SolutionProperties) = preSolution
		HideSolutionNode = FALSE
	EndGlobalSection
	GlobalSection(NestedProjects) = preSolution
		{F2E0B103-3BC4-4BDC-83F2-3F40392BF7DD} = {9A8DE924-CD09-475F-A472-92416BABFAFC}
		{9A8DE924-CD09-475F-A472-92416BABFAFC} = {A9137F21-1E37-4C22-B43B-AADA37C4BBBC}
		{FB4BFD26-86C8-42C8-B105-F043EE54CC4B} = {A9137F21-1E37-4C22-B43B-AADA37C4BBBC}
		{25A8B4D5-6BA5-4C1B-A70C-0968F23A0868} = {FB4BFD26-86C8-42C8-B105-F043EE54CC4B}
		{48293130-8E20-4855-9854-8DB6C57F6002} = {9A8DE924-CD09-475F-A472-92416BABFAFC}
		{F304F326-0F5E-48E5-9B33-8DE7DAEA9C66} = {9A8DE924-CD09-475F-A472-92416BABFAFC}
		{7870A1A0-F370-4C4E-9061-574EF774A376} = {9A8DE924-CD09-475F-A472-92416BABFAFC}
		{C2428C8E-D0D4-4160-BDD4-2A934A5E2714} = {9A8DE924-CD09-475F-A472-92416BABFAFC}
	EndGlobalSection
	GlobalSection(ExtensibilityGlobals) = postSolution
		SolutionGuid = {7106018D-2157-42B9-A853-FA4FB7BB2EEA}
	EndGlobalSection
EndGlobal
